
Microsoft Visual Studio Solution File, Format Version 12.00
# Visual Studio Version 16
VisualStudioVersion = 16.0.30114.105
MinimumVisualStudioVersion = 10.0.40219.1
Project("{9A19103F-16F7-4668-BE54-9A1E7A4F7556}") = "Calculator", "Calculator.csproj", "{EDE4CEB2-4D99-4E1D-8788-77CBDA1D5C4C}"
EndProject
Project("{8BC9CEB8-8B4A-11D0-8D11-00A0C91BC942}") = "LibMath", "..\LibMath\LibMath.vcxproj", "{A5D33B84-9AC8-4D17-805D-A580E933B091}"
EndProject
Project("{8BC9CEB8-8B4A-11D0-8D11-00A0C91BC942}") = "LibMathWrapper", "..\LibMathWrapper\LibMathWrapper.vcxproj", "{37469C70-AD55-46D1-9EC0-5422E97D2AD2}"
EndProject
Global
	GlobalSection(SolutionConfigurationPlatforms) = preSolution
		Debug|Any CPU = Debug|Any CPU
		Debug|x64 = Debug|x64
		Debug|x86 = Debug|x86
		Release|Any CPU = Release|Any CPU
		Release|x64 = Release|x64
		Release|x86 = Release|x86
	EndGlobalSection
	GlobalSection(ProjectConfigurationPlatforms) = postSolution
		{EDE4CEB2-4D99-4E1D-8788-77CBDA1D5C4C}.Debug|Any CPU.ActiveCfg = Debug|Any CPU
		{EDE4CEB2-4D99-4E1D-8788-77CBDA1D5C4C}.Debug|Any CPU.Build.0 = Debug|Any CPU
		{EDE4CEB2-4D99-4E1D-8788-77CBDA1D5C4C}.Debug|x64.ActiveCfg = Debug|Any CPU
		{EDE4CEB2-4D99-4E1D-8788-77CBDA1D5C4C}.Debug|x64.Build.0 = Debug|Any CPU
		{EDE4CEB2-4D99-4E1D-8788-77CBDA1D5C4C}.Debug|x86.ActiveCfg = Debug|Any CPU
		{EDE4CEB2-4D99-4E1D-8788-77CBDA1D5C4C}.Debug|x86.Build.0 = Debug|Any CPU
		{EDE4CEB2-4D99-4E1D-8788-77CBDA1D5C4C}.Release|Any CPU.ActiveCfg = Release|Any CPU
		{EDE4CEB2-4D99-4E1D-8788-77CBDA1D5C4C}.Release|Any CPU.Build.0 = Release|Any CPU
		{EDE4CEB2-4D99-4E1D-8788-77CBDA1D5C4C}.Release|x64.ActiveCfg = Release|Any CPU
		{EDE4CEB2-4D99-4E1D-8788-77CBDA1D5C4C}.Release|x64.Build.0 = Release|Any CPU
		{EDE4CEB2-4D99-4E1D-8788-77CBDA1D5C4C}.Release|x86.ActiveCfg = Release|Any CPU
		{EDE4CEB2-4D99-4E1D-8788-77CBDA1D5C4C}.Release|x86.Build.0 = Release|Any CPU
		{A5D33B84-9AC8-4D17-805D-A580E933B091}.Debug|Any CPU.ActiveCfg = Debug|Win32
		{A5D33B84-9AC8-4D17-805D-A580E933B091}.Debug|x64.ActiveCfg = Debug|x64
		{A5D33B84-9AC8-4D17-805D-A580E933B091}.Debug|x64.Build.0 = Debug|x64
		{A5D33B84-9AC8-4D17-805D-A580E933B091}.Debug|x86.ActiveCfg = Debug|Win32
		{A5D33B84-9AC8-4D17-805D-A580E933B091}.Debug|x86.Build.0 = Debug|Win32
		{A5D33B84-9AC8-4D17-805D-A580E933B091}.Release|Any CPU.ActiveCfg = Release|Win32
		{A5D33B84-9AC8-4D17-805D-A580E933B091}.Release|x64.ActiveCfg = Release|x64
		{A5D33B84-9AC8-4D17-805D-A580E933B091}.Release|x64.Build.0 = Release|x64
		{A5D33B84-9AC8-4D17-805D-A580E933B091}.Release|x86.ActiveCfg = Release|Win32
		{A5D33B84-9AC8-4D17-805D-A580E933B091}.Release|x86.Build.0 = Release|Win32
		{37469C70-AD55-46D1-9EC0-5422E97D2AD2}.Debug|Any CPU.ActiveCfg = Debug|Win32
		{37469C70-AD55-46D1-9EC0-5422E97D2AD2}.Debug|x64.ActiveCfg = Debug|x64
		{37469C70-AD55-46D1-9EC0-5422E97D2AD2}.Debug|x64.Build.0 = Debug|x64
		{37469C70-AD55-46D1-9EC0-5422E97D2AD2}.Debug|x86.ActiveCfg = Debug|Win32
		{37469C70-AD55-46D1-9EC0-5422E97D2AD2}.Debug|x86.Build.0 = Debug|Win32
		{37469C70-AD55-46D1-9EC0-5422E97D2AD2}.Release|Any CPU.ActiveCfg = Release|Win32
		{37469C70-AD55-46D1-9EC0-5422E97D2AD2}.Release|x64.ActiveCfg = Release|x64
		{37469C70-AD55-46D1-9EC0-5422E97D2AD2}.Release|x64.Build.0 = Release|x64
		{37469C70-AD55-46D1-9EC0-5422E97D2AD2}.Release|x86.ActiveCfg = Release|Win32
		{37469C70-AD55-46D1-9EC0-5422E97D2AD2}.Release|x86.Build.0 = Release|Win32
	EndGlobalSection
	GlobalSection(SolutionProperties) = preSolution
		HideSolutionNode = FALSE
	EndGlobalSection
	GlobalSection(ExtensibilityGlobals) = postSolution
		SolutionGuid = {A20218F5-2C6F-407D-903A-1854950C2DEF}
	EndGlobalSection
EndGlobal
